{
  "name": "uni-draw-poster",
  "version": "1.0.0",
  "lockfileVersion": 1,
  "requires": true,
  "dependencies": {
    "@dcloudio/types": {
      "version": "2.0.8",
      "resolved": "https://registry.npm.taobao.org/@dcloudio/types/download/@dcloudio/types-2.0.8.tgz?cache=0&sync_timestamp=1600764908084&other_urls=https%3A%2F%2Fregistry.npm.taobao.org%2F%40dcloudio%2Ftypes%2Fdownload%2F%40dcloudio%2Ftypes-2.0.8.tgz",
      "integrity": "sha1-XKpa5LgI5P+KQi48aSgH5BeoiOE=",
      "dev": true
    },
    "miniprogram-api-typings": {
      "version": "3.1.2",
      "resolved": "https://registry.npm.taobao.org/miniprogram-api-typings/download/miniprogram-api-typings-3.1.2.tgz",
      "integrity": "sha1-YVAcNdJ6uzKemvf/epYnG363osM="
    },
    "typescript": {
      "version": "4.0.3",
      "resolved": "https://registry.npm.taobao.org/typescript/download/typescript-4.0.3.tgz?cache=0&sync_timestamp=1602400894611&other_urls=https%3A%2F%2Fregistry.npm.taobao.org%2Ftypescript%2Fdownload%2Ftypescript-4.0.3.tgz",
      "integrity": "sha512-tEu6DGxGgRJPb/mVPIZ48e69xCn2yRmCgYmDugAVwmJ6o+0u1RI18eO7E7WBTLYLaEVVOhwQmcdhQHweux/WPg==",
      "dev": true
    }
  }
}
